{
  "requires": true,
  "lockfileVersion": 1,
  "dependencies": {
    "gsap": {
      "version": "2.0.2",
      "resolved": "https://registry.npmjs.org/gsap/-/gsap-2.0.2.tgz",
      "integrity": "sha512-WyT0uuDNb+5xMccx4SsVcI1CwvIL0BPgP8TyJJmMWT/btGXUNtKesnkXFMMshYs37renFhDo1P5NEoizeonviQ=="
    }
  }
}
