{
  "requires": true,
  "lockfileVersion": 1,
  "dependencies": {
    "is-dom-node": {
      "version": "1.0.4",
      "resolved": "https://registry.npmjs.org/is-dom-node/-/is-dom-node-1.0.4.tgz",
      "integrity": "sha512-NEnTHKCeyGJTL0cKdzATF8SWzyTMYf5CbNKWBvsXvyMxZG32g+a09qkeCbrfQNLTD85CbPeHb4YjIJCjyzF0yA=="
    },
    "is-dom-node-list": {
      "version": "1.2.1",
      "resolved": "https://registry.npmjs.org/is-dom-node-list/-/is-dom-node-list-1.2.1.tgz",
      "integrity": "sha512-P1H071iT5TGG8pAHslhrLDo/tQLYc8tGuWABVqhGU4l2mm7aDNb9cx2myQ2AujEQO6B2cAujcW4a0/+6UfXInw==",
      "requires": {
        "is-dom-node": "^1.0.4"
      }
    },
    "miniraf": {
      "version": "1.0.0",
      "resolved": "https://registry.npmjs.org/miniraf/-/miniraf-1.0.0.tgz",
      "integrity": "sha512-XpvhtJYzVrpXe+JoAthrT9E40NIrSDDMcdHEYL2M+lR/OCas0nadetcBBq/MWYqlgV5aDWVQ3mfAqd+fG6Y/EQ=="
    },
    "rematrix": {
      "version": "0.2.2",
      "resolved": "https://registry.npmjs.org/rematrix/-/rematrix-0.2.2.tgz",
      "integrity": "sha512-agFFS3RzrLXJl5LY5xg/xYyXvUuVAnkhgKO7RaO9J1Ssth6yvbO+PIiV67V59MB5NCdAK2flvGvNT4mdKVniFA=="
    },
    "scrollreveal": {
      "version": "4.0.2",
      "resolved": "https://registry.npmjs.org/scrollreveal/-/scrollreveal-4.0.2.tgz",
      "integrity": "sha512-3NFRx1uqMoTEZZuqc74pZkC6HykZKUEE2P09p1bJMPjvkiBZ1V83pStYPU5Q/oayNxn59MdaZhmwxwta0ndxTw==",
      "requires": {
        "miniraf": "1.0.0",
        "rematrix": "0.2.2",
        "tealight": "0.3.1"
      }
    },
    "tealight": {
      "version": "0.3.1",
      "resolved": "https://registry.npmjs.org/tealight/-/tealight-0.3.1.tgz",
      "integrity": "sha512-hLSz7IVOHGKga7nq2eEO5emj9dC8WF3Twpb9SwxCGZt2YVX6YUsLRcBHQonn5ErmSAgkhkQD9dxR6Ggv1mkNIw==",
      "requires": {
        "is-dom-node": "^1.0.4",
        "is-dom-node-list": "^1.2.1"
      }
    }
  }
}
