# THIS IS AN AUTOGENERATED FILE. DO NOT EDIT THIS FILE DIRECTLY.
# yarn lockfile v1


aos@^2.3.3:
  version "2.3.3"
  resolved "https://registry.yarnpkg.com/aos/-/aos-2.3.3.tgz#bddbe68fc73f7e90ff95f5d0f3810fee5acacbe2"
  dependencies:
    classlist-polyfill "^1.0.3"
    lodash.debounce "^4.0.6"
    lodash.throttle "^4.0.1"

classlist-polyfill@^1.0.3:
  version "1.2.0"
  resolved "https://registry.yarnpkg.com/classlist-polyfill/-/classlist-polyfill-1.2.0.tgz#935bc2dfd9458a876b279617514638bcaa964a2e"

lodash.debounce@^4.0.6:
  version "4.0.8"
  resolved "https://registry.yarnpkg.com/lodash.debounce/-/lodash.debounce-4.0.8.tgz#82d79bff30a67c4005ffd5e2515300ad9ca4d7af"

lodash.throttle@^4.0.1:
  version "4.1.1"
  resolved "https://registry.yarnpkg.com/lodash.throttle/-/lodash.throttle-4.1.1.tgz#c23e91b710242ac70c37f1e1cda9274cc39bf2f4"
